// !$*UTF8*$!
{
	archiveVersion = 1;
	classes = {
	};
	objectVersion = 55;
	objects = {

/* Begin PBXBuildFile section */
		44432F1C28CE333900AA2B6A /* Tests_iOS.swift in Sources */ = {isa = PBXBuildFile; fileRef = 44432F1B28CE333900AA2B6A /* Tests_iOS.swift */; };
		44432F1E28CE333900AA2B6A /* Tests_iOSLaunchTests.swift in Sources */ = {isa = PBXBuildFile; fileRef = 44432F1D28CE333900AA2B6A /* Tests_iOSLaunchTests.swift */; };
		44432F2828CE333900AA2B6A /* Tests_macOS.swift in Sources */ = {isa = PBXBuildFile; fileRef = 44432F2728CE333900AA2B6A /* Tests_macOS.swift */; };
		44432F2A28CE333900AA2B6A /* Tests_macOSLaunchTests.swift in Sources */ = {isa = PBXBuildFile; fileRef = 44432F2928CE333900AA2B6A /* Tests_macOSLaunchTests.swift */; };
		44432F2B28CE333900AA2B6A /* projekt_startowyApp.swift in Sources */ = {isa = PBXBuildFile; fileRef = 44432EFF28CE333500AA2B6A /* projekt_startowyApp.swift */; };
		44432F2C28CE333900AA2B6A /* projekt_startowyApp.swift in Sources */ = {isa = PBXBuildFile; fileRef = 44432EFF28CE333500AA2B6A /* projekt_startowyApp.swift */; };
		44432F2D28CE333900AA2B6A /* projekt_startowyDocument.swift in Sources */ = {isa = PBXBuildFile; fileRef = 44432F0028CE333500AA2B6A /* projekt_startowyDocument.swift */; };
		44432F2E28CE333900AA2B6A /* projekt_startowyDocument.swift in Sources */ = {isa = PBXBuildFile; fileRef = 44432F0028CE333500AA2B6A /* projekt_startowyDocument.swift */; };
		44432F2F28CE333900AA2B6A /* ContentView.swift in Sources */ = {isa = PBXBuildFile; fileRef = 44432F0128CE333500AA2B6A /* ContentView.swift */; };
		44432F3028CE333900AA2B6A /* ContentView.swift in Sources */ = {isa = PBXBuildFile; fileRef = 44432F0128CE333500AA2B6A /* ContentView.swift */; };
		44432F3128CE333900AA2B6A /* Assets.xcassets in Resources */ = {isa = PBXBuildFile; fileRef = 44432F0228CE333900AA2B6A /* Assets.xcassets */; };
		44432F3228CE333900AA2B6A /* Assets.xcassets in Resources */ = {isa = PBXBuildFile; fileRef = 44432F0228CE333900AA2B6A /* Assets.xcassets */; };
/* End PBXBuildFile section */

/* Begin PBXContainerItemProxy section */
		44432F1828CE333900AA2B6A /* PBXContainerItemProxy */ = {
			isa = PBXContainerItemProxy;
			containerPortal = 44432EFA28CE333500AA2B6A /* Project object */;
			proxyType = 1;
			remoteGlobalIDString = 44432F0628CE333900AA2B6A;
			remoteInfo = "projekt startowy (iOS)";
		};
		44432F2428CE333900AA2B6A /* PBXContainerItemProxy */ = {
			isa = PBXContainerItemProxy;
			containerPortal = 44432EFA28CE333500AA2B6A /* Project object */;
			proxyType = 1;
			remoteGlobalIDString = 44432F0E28CE333900AA2B6A;
			remoteInfo = "projekt startowy (macOS)";
		};
/* End PBXContainerItemProxy section */

/* Begin PBXFileReference section */
		44432EFF28CE333500AA2B6A /* projekt_startowyApp.swift */ = {isa = PBXFileReference; lastKnownFileType = sourcecode.swift; path = projekt_startowyApp.swift; sourceTree = "<group>"; };
		44432F0028CE333500AA2B6A /* projekt_startowyDocument.swift */ = {isa = PBXFileReference; lastKnownFileType = sourcecode.swift; path = projekt_startowyDocument.swift; sourceTree = "<group>"; };
		44432F0128CE333500AA2B6A /* ContentView.swift */ = {isa = PBXFileReference; lastKnownFileType = sourcecode.swift; path = ContentView.swift; sourceTree = "<group>"; };
		44432F0228CE333900AA2B6A /* Assets.xcassets */ = {isa = PBXFileReference; lastKnownFileType = folder.assetcatalog; path = Assets.xcassets; sourceTree = "<group>"; };
		44432F0728CE333900AA2B6A /* projekt startowy.app */ = {isa = PBXFileReference; explicitFileType = wrapper.application; includeInIndex = 0; path = "projekt startowy.app"; sourceTree = BUILT_PRODUCTS_DIR; };
		44432F0A28CE333900AA2B6A /* Info.plist */ = {isa = PBXFileReference; lastKnownFileType = text.plist.xml; path = Info.plist; sourceTree = "<group>"; };
		44432F0F28CE333900AA2B6A /* projekt startowy.app */ = {isa = PBXFileReference; explicitFileType = wrapper.application; includeInIndex = 0; path = "projekt startowy.app"; sourceTree = BUILT_PRODUCTS_DIR; };
		44432F1128CE333900AA2B6A /* Info.plist */ = {isa = PBXFileReference; lastKnownFileType = text.plist.xml; path = Info.plist; sourceTree = "<group>"; };
		44432F1228CE333900AA2B6A /* macOS.entitlements */ = {isa = PBXFileReference; lastKnownFileType = text.plist.entitlements; path = macOS.entitlements; sourceTree = "<group>"; };
		44432F1728CE333900AA2B6A /* Tests iOS.xctest */ = {isa = PBXFileReference; explicitFileType = wrapper.cfbundle; includeInIndex = 0; path = "Tests iOS.xctest"; sourceTree = BUILT_PRODUCTS_DIR; };
		44432F1B28CE333900AA2B6A /* Tests_iOS.swift */ = {isa = PBXFileReference; lastKnownFileType = sourcecode.swift; path = Tests_iOS.swift; sourceTree = "<group>"; };
		44432F1D28CE333900AA2B6A /* Tests_iOSLaunchTests.swift */ = {isa = PBXFileReference; lastKnownFileType = sourcecode.swift; path = Tests_iOSLaunchTests.swift; sourceTree = "<group>"; };
		44432F2328CE333900AA2B6A /* Tests macOS.xctest */ = {isa = PBXFileReference; explicitFileType = wrapper.cfbundle; includeInIndex = 0; path = "Tests macOS.xctest"; sourceTree = BUILT_PRODUCTS_DIR; };
		44432F2728CE333900AA2B6A /* Tests_macOS.swift */ = {isa = PBXFileReference; lastKnownFileType = sourcecode.swift; path = Tests_macOS.swift; sourceTree = "<group>"; };
		44432F2928CE333900AA2B6A /* Tests_macOSLaunchTests.swift */ = {isa = PBXFileReference; lastKnownFileType = sourcecode.swift; path = Tests_macOSLaunchTests.swift; sourceTree = "<group>"; };
/* End PBXFileReference section */

/* Begin PBXFrameworksBuildPhase section */
		44432F0428CE333900AA2B6A /* Frameworks */ = {
			isa = PBXFrameworksBuildPhase;
			buildActionMask = 2147483647;
			files = (
			);
			runOnlyForDeploymentPostprocessing = 0;
		};
		44432F0C28CE333900AA2B6A /* Frameworks */ = {
			isa = PBXFrameworksBuildPhase;
			buildActionMask = 2147483647;
			files = (
			);
			runOnlyForDeploymentPostprocessing = 0;
		};
		44432F1428CE333900AA2B6A /* Frameworks */ = {
			isa = PBXFrameworksBuildPhase;
			buildActionMask = 2147483647;
			files = (
			);
			runOnlyForDeploymentPostprocessing = 0;
		};
		44432F2028CE333900AA2B6A /* Frameworks */ = {
			isa = PBXFrameworksBuildPhase;
			buildActionMask = 2147483647;
			files = (
			);
			runOnlyForDeploymentPostprocessing = 0;
		};
/* End PBXFrameworksBuildPhase section */

/* Begin PBXGroup section */
		44432EF928CE333500AA2B6A = {
			isa = PBXGroup;
			children = (
				44432EFE28CE333500AA2B6A /* Shared */,
				44432F0928CE333900AA2B6A /* iOS */,
				44432F1028CE333900AA2B6A /* macOS */,
				44432F1A28CE333900AA2B6A /* Tests iOS */,
				44432F2628CE333900AA2B6A /* Tests macOS */,
				44432F0828CE333900AA2B6A /* Products */,
			);
			sourceTree = "<group>";
		};
		44432EFE28CE333500AA2B6A /* Shared */ = {
			isa = PBXGroup;
			children = (
				44432EFF28CE333500AA2B6A /* projekt_startowyApp.swift */,
				44432F0028CE333500AA2B6A /* projekt_startowyDocument.swift */,
				44432F0128CE333500AA2B6A /* ContentView.swift */,
				44432F0228CE333900AA2B6A /* Assets.xcassets */,
			);
			path = Shared;
			sourceTree = "<group>";
		};
		44432F0828CE333900AA2B6A /* Products */ = {
			isa = PBXGroup;
			children = (
				44432F0728CE333900AA2B6A /* projekt startowy.app */,
				44432F0F28CE333900AA2B6A /* projekt startowy.app */,
				44432F1728CE333900AA2B6A /* Tests iOS.xctest */,
				44432F2328CE333900AA2B6A /* Tests macOS.xctest */,
			);
			name = Products;
			sourceTree = "<group>";
		};
		44432F0928CE333900AA2B6A /* iOS */ = {
			isa = PBXGroup;
			children = (
				44432F0A28CE333900AA2B6A /* Info.plist */,
			);
			path = iOS;
			sourceTree = "<group>";
		};
		44432F1028CE333900AA2B6A /* macOS */ = {
			isa = PBXGroup;
			children = (
				44432F1128CE333900AA2B6A /* Info.plist */,
				44432F1228CE333900AA2B6A /* macOS.entitlements */,
			);
			path = macOS;
			sourceTree = "<group>";
		};
		44432F1A28CE333900AA2B6A /* Tests iOS */ = {
			isa = PBXGroup;
			children = (
				44432F1B28CE333900AA2B6A /* Tests_iOS.swift */,
				44432F1D28CE333900AA2B6A /* Tests_iOSLaunchTests.swift */,
			);
			path = "Tests iOS";
			sourceTree = "<group>";
		};
		44432F2628CE333900AA2B6A /* Tests macOS */ = {
			isa = PBXGroup;
			children = (
				44432F2728CE333900AA2B6A /* Tests_macOS.swift */,
				44432F2928CE333900AA2B6A /* Tests_macOSLaunchTests.swift */,
			);
			path = "Tests macOS";
			sourceTree = "<group>";
		};
/* End PBXGroup section */

/* Begin PBXNativeTarget section */
		44432F0628CE333900AA2B6A /* projekt startowy (iOS) */ = {
			isa = PBXNativeTarget;
			buildConfigurationList = 44432F3528CE333900AA2B6A /* Build configuration list for PBXNativeTarget "projekt startowy (iOS)" */;
			buildPhases = (
				44432F0328CE333900AA2B6A /* Sources */,
				44432F0428CE333900AA2B6A /* Frameworks */,
				44432F0528CE333900AA2B6A /* Resources */,
			);
			buildRules = (
			);
			dependencies = (
			);
			name = "projekt startowy (iOS)";
			productName = "projekt startowy (iOS)";
			productReference = 44432F0728CE333900AA2B6A /* projekt startowy.app */;
			productType = "com.apple.product-type.application";
		};
		44432F0E28CE333900AA2B6A /* projekt startowy (macOS) */ = {
			isa = PBXNativeTarget;
			buildConfigurationList = 44432F3828CE333900AA2B6A /* Build configuration list for PBXNativeTarget "projekt startowy (macOS)" */;
			buildPhases = (
				44432F0B28CE333900AA2B6A /* Sources */,
				44432F0C28CE333900AA2B6A /* Frameworks */,
				44432F0D28CE333900AA2B6A /* Resources */,
			);
			buildRules = (
			);
			dependencies = (
			);
			name = "projekt startowy (macOS)";
			productName = "projekt startowy (macOS)";
			productReference = 44432F0F28CE333900AA2B6A /* projekt startowy.app */;
			productType = "com.apple.product-type.application";
		};
		44432F1628CE333900AA2B6A /* Tests iOS */ = {
			isa = PBXNativeTarget;
			buildConfigurationList = 44432F3B28CE333900AA2B6A /* Build configuration list for PBXNativeTarget "Tests iOS" */;
			buildPhases = (
				44432F1328CE333900AA2B6A /* Sources */,
				44432F1428CE333900AA2B6A /* Frameworks */,
				44432F1528CE333900AA2B6A /* Resources */,
			);
			buildRules = (
			);
			dependencies = (
				44432F1928CE333900AA2B6A /* PBXTargetDependency */,
			);
			name = "Tests iOS";
			productName = "Tests iOS";
			productReference = 44432F1728CE333900AA2B6A /* Tests iOS.xctest */;
			productType = "com.apple.product-type.bundle.ui-testing";
		};
		44432F2228CE333900AA2B6A /* Tests macOS */ = {
			isa = PBXNativeTarget;
			buildConfigurationList = 44432F3E28CE333900AA2B6A /* Build configuration list for PBXNativeTarget "Tests macOS" */;
			buildPhases = (
				44432F1F28CE333900AA2B6A /* Sources */,
				44432F2028CE333900AA2B6A /* Frameworks */,
				44432F2128CE333900AA2B6A /* Resources */,
			);
			buildRules = (
			);
			dependencies = (
				44432F2528CE333900AA2B6A /* PBXTargetDependency */,
			);
			name = "Tests macOS";
			productName = "Tests macOS";
			productReference = 44432F2328CE333900AA2B6A /* Tests macOS.xctest */;
			productType = "com.apple.product-type.bundle.ui-testing";
		};
/* End PBXNativeTarget section */

/* Begin PBXProject section */
		44432EFA28CE333500AA2B6A /* Project object */ = {
			isa = PBXProject;
			attributes = {
				BuildIndependentTargetsInParallel = 1;
				LastSwiftUpdateCheck = 1340;
				LastUpgradeCheck = 1340;
				TargetAttributes = {
					44432F0628CE333900AA2B6A = {
						CreatedOnToolsVersion = 13.4.1;
					};
					44432F0E28CE333900AA2B6A = {
						CreatedOnToolsVersion = 13.4.1;
					};
					44432F1628CE333900AA2B6A = {
						CreatedOnToolsVersion = 13.4.1;
						TestTargetID = 44432F0628CE333900AA2B6A;
					};
					44432F2228CE333900AA2B6A = {
						CreatedOnToolsVersion = 13.4.1;
						TestTargetID = 44432F0E28CE333900AA2B6A;
					};
				};
			};
			buildConfigurationList = 44432EFD28CE333500AA2B6A /* Build configuration list for PBXProject "projekt startowy" */;
			compatibilityVersion = "Xcode 13.0";
			developmentRegion = en;
			hasScannedForEncodings = 0;
			knownRegions = (
				en,
				Base,
			);
			mainGroup = 44432EF928CE333500AA2B6A;
			productRefGroup = 44432F0828CE333900AA2B6A /* Products */;
			projectDirPath = "";
			projectRoot = "";
			targets = (
				44432F0628CE333900AA2B6A /* projekt startowy (iOS) */,
				44432F0E28CE333900AA2B6A /* projekt startowy (macOS) */,
				44432F1628CE333900AA2B6A /* Tests iOS */,
				44432F2228CE333900AA2B6A /* Tests macOS */,
			);
		};
/* End PBXProject section */

/* Begin PBXResourcesBuildPhase section */
		44432F0528CE333900AA2B6A /* Resources */ = {
			isa = PBXResourcesBuildPhase;
			buildActionMask = 2147483647;
			files = (
				44432F3128CE333900AA2B6A /* Assets.xcassets in Resources */,
			);
			runOnlyForDeploymentPostprocessing = 0;
		};
		44432F0D28CE333900AA2B6A /* Resources */ = {
			isa = PBXResourcesBuildPhase;
			buildActionMask = 2147483647;
			files = (
				44432F3228CE333900AA2B6A /* Assets.xcassets in Resources */,
			);
			runOnlyForDeploymentPostprocessing = 0;
		};
		44432F1528CE333900AA2B6A /* Resources */ = {
			isa = PBXResourcesBuildPhase;
			buildActionMask = 2147483647;
			files = (
			);
			runOnlyForDeploymentPostprocessing = 0;
		};
		44432F2128CE333900AA2B6A /* Resources */ = {
			isa = PBXResourcesBuildPhase;
			buildActionMask = 2147483647;
			files = (
			);
			runOnlyForDeploymentPostprocessing = 0;
		};
/* End PBXResourcesBuildPhase section */

/* Begin PBXSourcesBuildPhase section */
		44432F0328CE333900AA2B6A /* Sources */ = {
			isa = PBXSourcesBuildPhase;
			buildActionMask = 2147483647;
			files = (
				44432F2B28CE333900AA2B6A /* projekt_startowyApp.swift in Sources */,
				44432F2D28CE333900AA2B6A /* projekt_startowyDocument.swift in Sources */,
				44432F2F28CE333900AA2B6A /* ContentView.swift in Sources */,
			);
			runOnlyForDeploymentPostprocessing = 0;
		};
		44432F0B28CE333900AA2B6A /* Sources */ = {
			isa = PBXSourcesBuildPhase;
			buildActionMask = 2147483647;
			files = (
				44432F2C28CE333900AA2B6A /* projekt_startowyApp.swift in Sources */,
				44432F2E28CE333900AA2B6A /* projekt_startowyDocument.swift in Sources */,
				44432F3028CE333900AA2B6A /* ContentView.swift in Sources */,
			);
			runOnlyForDeploymentPostprocessing = 0;
		};
		44432F1328CE333900AA2B6A /* Sources */ = {
			isa = PBXSourcesBuildPhase;
			buildActionMask = 2147483647;
			files = (
				44432F1E28CE333900AA2B6A /* Tests_iOSLaunchTests.swift in Sources */,
				44432F1C28CE333900AA2B6A /* Tests_iOS.swift in Sources */,
			);
			runOnlyForDeploymentPostprocessing = 0;
		};
		44432F1F28CE333900AA2B6A /* Sources */ = {
			isa = PBXSourcesBuildPhase;
			buildActionMask = 2147483647;
			files = (
				44432F2A28CE333900AA2B6A /* Tests_macOSLaunchTests.swift in Sources */,
				44432F2828CE333900AA2B6A /* Tests_macOS.swift in Sources */,
			);
			runOnlyForDeploymentPostprocessing = 0;
		};
/* End PBXSourcesBuildPhase section */

/* Begin PBXTargetDependency section */
		44432F1928CE333900AA2B6A /* PBXTargetDependency */ = {
			isa = PBXTargetDependency;
			target = 44432F0628CE333900AA2B6A /* projekt startowy (iOS) */;
			targetProxy = 44432F1828CE333900AA2B6A /* PBXContainerItemProxy */;
		};
		44432F2528CE333900AA2B6A /* PBXTargetDependency */ = {
			isa = PBXTargetDependency;
			target = 44432F0E28CE333900AA2B6A /* projekt startowy (macOS) */;
			targetProxy = 44432F2428CE333900AA2B6A /* PBXContainerItemProxy */;
		};
/* End PBXTargetDependency section */

/* Begin XCBuildConfiguration section */
		44432F3328CE333900AA2B6A /* Debug */ = {
			isa = XCBuildConfiguration;
			buildSettings = {
				ALWAYS_SEARCH_USER_PATHS = NO;
				CLANG_ANALYZER_NONNULL = YES;
				CLANG_ANALYZER_NUMBER_OBJECT_CONVERSION = YES_AGGRESSIVE;
				CLANG_CXX_LANGUAGE_STANDARD = "gnu++17";
				CLANG_ENABLE_MODULES = YES;
				CLANG_ENABLE_OBJC_ARC = YES;
				CLANG_ENABLE_OBJC_WEAK = YES;
				CLANG_WARN_BLOCK_CAPTURE_AUTORELEASING = YES;
				CLANG_WARN_BOOL_CONVERSION = YES;
				CLANG_WARN_COMMA = YES;
				CLANG_WARN_CONSTANT_CONVERSION = YES;
				CLANG_WARN_DEPRECATED_OBJC_IMPLEMENTATIONS = YES;
				CLANG_WARN_DIRECT_OBJC_ISA_USAGE = YES_ERROR;
				CLANG_WARN_DOCUMENTATION_COMMENTS = YES;
				CLANG_WARN_EMPTY_BODY = YES;
				CLANG_WARN_ENUM_CONVERSION = YES;
				CLANG_WARN_INFINITE_RECURSION = YES;
				CLANG_WARN_INT_CONVERSION = YES;
				CLANG_WARN_NON_LITERAL_NULL_CONVERSION = YES;
				CLANG_WARN_OBJC_IMPLICIT_RETAIN_SELF = YES;
				CLANG_WARN_OBJC_LITERAL_CONVERSION = YES;
				CLANG_WARN_OBJC_ROOT_CLASS = YES_ERROR;
				CLANG_WARN_QUOTED_INCLUDE_IN_FRAMEWORK_HEADER = YES;
				CLANG_WARN_RANGE_LOOP_ANALYSIS = YES;
				CLANG_WARN_STRICT_PROTOTYPES = YES;
				CLANG_WARN_SUSPICIOUS_MOVE = YES;
				CLANG_WARN_UNGUARDED_AVAILABILITY = YES_AGGRESSIVE;
				CLANG_WARN_UNREACHABLE_CODE = YES;
				CLANG_WARN__DUPLICATE_METHOD_MATCH = YES;
				COPY_PHASE_STRIP = NO;
				DEBUG_INFORMATION_FORMAT = dwarf;
				ENABLE_STRICT_OBJC_MSGSEND = YES;
				ENABLE_TESTABILITY = YES;
				GCC_C_LANGUAGE_STANDARD = gnu11;
				GCC_DYNAMIC_NO_PIC = NO;
				GCC_NO_COMMON_BLOCKS = YES;
				GCC_OPTIMIZATION_LEVEL = 0;
				GCC_PREPROCESSOR_DEFINITIONS = (
					"DEBUG=1",
					"$(inherited)",
				);
				GCC_WARN_64_TO_32_BIT_CONVERSION = YES;
				GCC_WARN_ABOUT_RETURN_TYPE = YES_ERROR;
				GCC_WARN_UNDECLARED_SELECTOR = YES;
				GCC_WARN_UNINITIALIZED_AUTOS = YES_AGGRESSIVE;
				GCC_WARN_UNUSED_FUNCTION = YES;
				GCC_WARN_UNUSED_VARIABLE = YES;
				MTL_ENABLE_DEBUG_INFO = INCLUDE_SOURCE;
				MTL_FAST_MATH = YES;
				ONLY_ACTIVE_ARCH = YES;
				SWIFT_ACTIVE_COMPILATION_CONDITIONS = DEBUG;
				SWIFT_OPTIMIZATION_LEVEL = "-Onone";
			};
			name = Debug;
		};
		44432F3428CE333900AA2B6A /* Release */ = {
			isa = XCBuildConfiguration;
			buildSettings = {
				ALWAYS_SEARCH_USER_PATHS = NO;
				CLANG_ANALYZER_NONNULL = YES;
				CLANG_ANALYZER_NUMBER_OBJECT_CONVERSION = YES_AGGRESSIVE;
				CLANG_CXX_LANGUAGE_STANDARD = "gnu++17";
				CLANG_ENABLE_MODULES = YES;
				CLANG_ENABLE_OBJC_ARC = YES;
				CLANG_ENABLE_OBJC_WEAK = YES;
				CLANG_WARN_BLOCK_CAPTURE_AUTORELEASING = YES;
				CLANG_WARN_BOOL_CONVERSION = YES;
				CLANG_WARN_COMMA = YES;
				CLANG_WARN_CONSTANT_CONVERSION = YES;
				CLANG_WARN_DEPRECATED_OBJC_IMPLEMENTATIONS = YES;
				CLANG_WARN_DIRECT_OBJC_ISA_USAGE = YES_ERROR;
				CLANG_WARN_DOCUMENTATION_COMMENTS = YES;
				CLANG_WARN_EMPTY_BODY = YES;
				CLANG_WARN_ENUM_CONVERSION = YES;
				CLANG_WARN_INFINITE_RECURSION = YES;
				CLANG_WARN_INT_CONVERSION = YES;
				CLANG_WARN_NON_LITERAL_NULL_CONVERSION = YES;
				CLANG_WARN_OBJC_IMPLICIT_RETAIN_SELF = YES;
				CLANG_WARN_OBJC_LITERAL_CONVERSION = YES;
				CLANG_WARN_OBJC_ROOT_CLASS = YES_ERROR;
				CLANG_WARN_QUOTED_INCLUDE_IN_FRAMEWORK_HEADER = YES;
				CLANG_WARN_RANGE_LOOP_ANALYSIS = YES;
				CLANG_WARN_STRICT_PROTOTYPES = YES;
				CLANG_WARN_SUSPICIOUS_MOVE = YES;
				CLANG_WARN_UNGUARDED_AVAILABILITY = YES_AGGRESSIVE;
				CLANG_WARN_UNREACHABLE_CODE = YES;
				CLANG_WARN__DUPLICATE_METHOD_MATCH = YES;
				COPY_PHASE_STRIP = NO;
				DEBUG_INFORMATION_FORMAT = "dwarf-with-dsym";
				ENABLE_NS_ASSERTIONS = NO;
				ENABLE_STRICT_OBJC_MSGSEND = YES;
				GCC_C_LANGUAGE_STANDARD = gnu11;
				GCC_NO_COMMON_BLOCKS = YES;
				GCC_WARN_64_TO_32_BIT_CONVERSION = YES;
				GCC_WARN_ABOUT_RETURN_TYPE = YES_ERROR;
				GCC_WARN_UNDECLARED_SELECTOR = YES;
				GCC_WARN_UNINITIALIZED_AUTOS = YES_AGGRESSIVE;
				GCC_WARN_UNUSED_FUNCTION = YES;
				GCC_WARN_UNUSED_VARIABLE = YES;
				MTL_ENABLE_DEBUG_INFO = NO;
				MTL_FAST_MATH = YES;
				SWIFT_COMPILATION_MODE = wholemodule;
				SWIFT_OPTIMIZATION_LEVEL = "-O";
			};
			name = Release;
		};
		44432F3628CE333900AA2B6A /* Debug */ = {
			isa = XCBuildConfiguration;
			buildSettings = {
				ASSETCATALOG_COMPILER_APPICON_NAME = AppIcon;
				ASSETCATALOG_COMPILER_GLOBAL_ACCENT_COLOR_NAME = AccentColor;
				CODE_SIGN_STYLE = Automatic;
				CURRENT_PROJECT_VERSION = 1;
				ENABLE_PREVIEWS = YES;
				GENERATE_INFOPLIST_FILE = YES;
				INFOPLIST_FILE = iOS/Info.plist;
				INFOPLIST_KEY_LSSupportsOpeningDocumentsInPlace = YES;
				INFOPLIST_KEY_UIApplicationSceneManifest_Generation = YES;
				INFOPLIST_KEY_UIApplicationSupportsIndirectInputEvents = YES;
				INFOPLIST_KEY_UILaunchScreen_Generation = YES;
				INFOPLIST_KEY_UISupportedInterfaceOrientations_iPad = "UIInterfaceOrientationPortrait UIInterfaceOrientationPortraitUpsideDown UIInterfaceOrientationLandscapeLeft UIInterfaceOrientationLandscapeRight";
				INFOPLIST_KEY_UISupportedInterfaceOrientations_iPhone = "UIInterfaceOrientationPortrait UIInterfaceOrientationLandscapeLeft UIInterfaceOrientationLandscapeRight";
				INFOPLIST_KEY_UISupportsDocumentBrowser = YES;
				IPHONEOS_DEPLOYMENT_TARGET = 15.5;
				LD_RUNPATH_SEARCH_PATHS = (
					"$(inherited)",
					"@executable_path/Frameworks",
				);
				MARKETING_VERSION = 1.0;
				PRODUCT_BUNDLE_IDENTIFIER = "ab.projekt-startowy";
				PRODUCT_NAME = "projekt startowy";
				SDKROOT = iphoneos;
				SWIFT_EMIT_LOC_STRINGS = YES;
				SWIFT_VERSION = 5.0;
				TARGETED_DEVICE_FAMILY = "1,2";
			};
			name = Debug;
		};
		44432F3728CE333900AA2B6A /* Release */ = {
			isa = XCBuildConfiguration;
			buildSettings = {
				ASSETCATALOG_COMPILER_APPICON_NAME = AppIcon;
				ASSETCATALOG_COMPILER_GLOBAL_ACCENT_COLOR_NAME = AccentColor;
				CODE_SIGN_STYLE = Automatic;
				CURRENT_PROJECT_VERSION = 1;
				ENABLE_PREVIEWS = YES;
				GENERATE_INFOPLIST_FILE = YES;
				INFOPLIST_FILE = iOS/Info.plist;
				INFOPLIST_KEY_LSSupportsOpeningDocumentsInPlace = YES;
				INFOPLIST_KEY_UIApplicationSceneManifest_Generation = YES;
				INFOPLIST_KEY_UIApplicationSupportsIndirectInputEvents = YES;
				INFOPLIST_KEY_UILaunchScreen_Generation = YES;
				INFOPLIST_KEY_UISupportedInterfaceOrientations_iPad = "UIInterfaceOrientationPortrait UIInterfaceOrientationPortraitUpsideDown UIInterfaceOrientationLandscapeLeft UIInterfaceOrientationLandscapeRight";
				INFOPLIST_KEY_UISupportedInterfaceOrientations_iPhone = "UIInterfaceOrientationPortrait UIInterfaceOrientationLandscapeLeft UIInterfaceOrientationLandscapeRight";
				INFOPLIST_KEY_UISupportsDocumentBrowser = YES;
				IPHONEOS_DEPLOYMENT_TARGET = 15.5;
				LD_RUNPATH_SEARCH_PATHS = (
					"$(inherited)",
					"@executable_path/Frameworks",
				);
				MARKETING_VERSION = 1.0;
				PRODUCT_BUNDLE_IDENTIFIER = "ab.projekt-startowy";
				PRODUCT_NAME = "projekt startowy";
				SDKROOT = iphoneos;
				SWIFT_EMIT_LOC_STRINGS = YES;
				SWIFT_VERSION = 5.0;
				TARGETED_DEVICE_FAMILY = "1,2";
				VALIDATE_PRODUCT = YES;
			};
			name = Release;
		};
		44432F3928CE333900AA2B6A /* Debug */ = {
			isa = XCBuildConfiguration;
			buildSettings = {
				ASSETCATALOG_COMPILER_APPICON_NAME = AppIcon;
				ASSETCATALOG_COMPILER_GLOBAL_ACCENT_COLOR_NAME = AccentColor;
				CODE_SIGN_ENTITLEMENTS = macOS/macOS.entitlements;
				CODE_SIGN_STYLE = Automatic;
				COMBINE_HIDPI_IMAGES = YES;
				CURRENT_PROJECT_VERSION = 1;
				ENABLE_PREVIEWS = YES;
				GENERATE_INFOPLIST_FILE = YES;
				INFOPLIST_FILE = macOS/Info.plist;
				INFOPLIST_KEY_NSHumanReadableCopyright = "";
				LD_RUNPATH_SEARCH_PATHS = (
					"$(inherited)",
					"@executable_path/../Frameworks",
				);
				MACOSX_DEPLOYMENT_TARGET = 12.3;
				MARKETING_VERSION = 1.0;
				PRODUCT_BUNDLE_IDENTIFIER = "ab.projekt-startowy";
				PRODUCT_NAME = "projekt startowy";
				SDKROOT = macosx;
				SWIFT_EMIT_LOC_STRINGS = YES;
				SWIFT_VERSION = 5.0;
			};
			name = Debug;
		};
		44432F3A28CE333900AA2B6A /* Release */ = {
			isa = XCBuildConfiguration;
			buildSettings = {
				ASSETCATALOG_COMPILER_APPICON_NAME = AppIcon;
				ASSETCATALOG_COMPILER_GLOBAL_ACCENT_COLOR_NAME = AccentColor;
				CODE_SIGN_ENTITLEMENTS = macOS/macOS.entitlements;
				CODE_SIGN_STYLE = Automatic;
				COMBINE_HIDPI_IMAGES = YES;
				CURRENT_PROJECT_VERSION = 1;
				ENABLE_PREVIEWS = YES;
				GENERATE_INFOPLIST_FILE = YES;
				INFOPLIST_FILE = macOS/Info.plist;
				INFOPLIST_KEY_NSHumanReadableCopyright = "";
				LD_RUNPATH_SEARCH_PATHS = (
					"$(inherited)",
					"@executable_path/../Frameworks",
				);
				MACOSX_DEPLOYMENT_TARGET = 12.3;
				MARKETING_VERSION = 1.0;
				PRODUCT_BUNDLE_IDENTIFIER = "ab.projekt-startowy";
				PRODUCT_NAME = "projekt startowy";
				SDKROOT = macosx;
				SWIFT_EMIT_LOC_STRINGS = YES;
				SWIFT_VERSION = 5.0;
			};
			name = Release;
		};
		44432F3C28CE333900AA2B6A /* Debug */ = {
			isa = XCBuildConfiguration;
			buildSettings = {
				ALWAYS_EMBED_SWIFT_STANDARD_LIBRARIES = YES;
				CODE_SIGN_STYLE = Automatic;
				CURRENT_PROJECT_VERSION = 1;
				GENERATE_INFOPLIST_FILE = YES;
				IPHONEOS_DEPLOYMENT_TARGET = 15.5;
				MARKETING_VERSION = 1.0;
				PRODUCT_BUNDLE_IDENTIFIER = "ab.Tests-iOS";
				PRODUCT_NAME = "$(TARGET_NAME)";
				SDKROOT = iphoneos;
				SWIFT_EMIT_LOC_STRINGS = NO;
				SWIFT_VERSION = 5.0;
				TARGETED_DEVICE_FAMILY = "1,2";
				TEST_TARGET_NAME = "projekt startowy (iOS)";
			};
			name = Debug;
		};
		44432F3D28CE333900AA2B6A /* Release */ = {
			isa = XCBuildConfiguration;
			buildSettings = {
				ALWAYS_EMBED_SWIFT_STANDARD_LIBRARIES = YES;
				CODE_SIGN_STYLE = Automatic;
				CURRENT_PROJECT_VERSION = 1;
				GENERATE_INFOPLIST_FILE = YES;
				IPHONEOS_DEPLOYMENT_TARGET = 15.5;
				MARKETING_VERSION = 1.0;
				PRODUCT_BUNDLE_IDENTIFIER = "ab.Tests-iOS";
				PRODUCT_NAME = "$(TARGET_NAME)";
				SDKROOT = iphoneos;
				SWIFT_EMIT_LOC_STRINGS = NO;
				SWIFT_VERSION = 5.0;
				TARGETED_DEVICE_FAMILY = "1,2";
				TEST_TARGET_NAME = "projekt startowy (iOS)";
				VALIDATE_PRODUCT = YES;
			};
			name = Release;
		};
		44432F3F28CE333900AA2B6A /* Debug */ = {
			isa = XCBuildConfiguration;
			buildSettings = {
				ALWAYS_EMBED_SWIFT_STANDARD_LIBRARIES = YES;
				CODE_SIGN_STYLE = Automatic;
				CURRENT_PROJECT_VERSION = 1;
				GENERATE_INFOPLIST_FILE = YES;
				MACOSX_DEPLOYMENT_TARGET = 12.3;
				MARKETING_VERSION = 1.0;
				PRODUCT_BUNDLE_IDENTIFIER = "ab.Tests-macOS";
				PRODUCT_NAME = "$(TARGET_NAME)";
				SDKROOT = macosx;
				SWIFT_EMIT_LOC_STRINGS = NO;
				SWIFT_VERSION = 5.0;
				TEST_TARGET_NAME = "projekt startowy (macOS)";
			};
			name = Debug;
		};
		44432F4028CE333900AA2B6A /* Release */ = {
			isa = XCBuildConfiguration;
			buildSettings = {
				ALWAYS_EMBED_SWIFT_STANDARD_LIBRARIES = YES;
				CODE_SIGN_STYLE = Automatic;
				CURRENT_PROJECT_VERSION = 1;
				GENERATE_INFOPLIST_FILE = YES;
				MACOSX_DEPLOYMENT_TARGET = 12.3;
				MARKETING_VERSION = 1.0;
				PRODUCT_BUNDLE_IDENTIFIER = "ab.Tests-macOS";
				PRODUCT_NAME = "$(TARGET_NAME)";
				SDKROOT = macosx;
				SWIFT_EMIT_LOC_STRINGS = NO;
				SWIFT_VERSION = 5.0;
				TEST_TARGET_NAME = "projekt startowy (macOS)";
			};
			name = Release;
		};
/* End XCBuildConfiguration section */

/* Begin XCConfigurationList section */
		44432EFD28CE333500AA2B6A /* Build configuration list for PBXProject "projekt startowy" */ = {
			isa = XCConfigurationList;
			buildConfigurations = (
				44432F3328CE333900AA2B6A /* Debug */,
				44432F3428CE333900AA2B6A /* Release */,
			);
			defaultConfigurationIsVisible = 0;
			defaultConfigurationName = Release;
		};
		44432F3528CE333900AA2B6A /* Build configuration list for PBXNativeTarget "projekt startowy (iOS)" */ = {
			isa = XCConfigurationList;
			buildConfigurations = (
				44432F3628CE333900AA2B6A /* Debug */,
				44432F3728CE333900AA2B6A /* Release */,
			);
			defaultConfigurationIsVisible = 0;
			defaultConfigurationName = Release;
		};
		44432F3828CE333900AA2B6A /* Build configuration list for PBXNativeTarget "projekt startowy (macOS)" */ = {
			isa = XCConfigurationList;
			buildConfigurations = (
				44432F3928CE333900AA2B6A /* Debug */,
				44432F3A28CE333900AA2B6A /* Release */,
			);
			defaultConfigurationIsVisible = 0;
			defaultConfigurationName = Release;
		};
		44432F3B28CE333900AA2B6A /* Build configuration list for PBXNativeTarget "Tests iOS" */ = {
			isa = XCConfigurationList;
			buildConfigurations = (
				44432F3C28CE333900AA2B6A /* Debug */,
				44432F3D28CE333900AA2B6A /* Release */,
			);
			defaultConfigurationIsVisible = 0;
			defaultConfigurationName = Release;
		};
		44432F3E28CE333900AA2B6A /* Build configuration list for PBXNativeTarget "Tests macOS" */ = {
			isa = XCConfigurationList;
			buildConfigurations = (
				44432F3F28CE333900AA2B6A /* Debug */,
				44432F4028CE333900AA2B6A /* Release */,
			);
			defaultConfigurationIsVisible = 0;
			defaultConfigurationName = Release;
		};
/* End XCConfigurationList section */
	};
	rootObject = 44432EFA28CE333500AA2B6A /* Project object */;
}
